// !$*UTF8*$!
{
	archiveVersion = 1;
	classes = {
	};
	objectVersion = 56;
	objects = {

/* Begin PBXBuildFile section */
		8609A3122940D232008531BC /* AppDelegate.swift in Sources */ = {isa = PBXBuildFile; fileRef = 8609A3112940D232008531BC /* AppDelegate.swift */; };
		8609A3142940D232008531BC /* SceneDelegate.swift in Sources */ = {isa = PBXBuildFile; fileRef = 8609A3132940D232008531BC /* SceneDelegate.swift */; };
		8609A3162940D232008531BC /* ViewController.swift in Sources */ = {isa = PBXBuildFile; fileRef = 8609A3152940D232008531BC /* ViewController.swift */; };
		8609A3192940D232008531BC /* Main.storyboard in Resources */ = {isa = PBXBuildFile; fileRef = 8609A3172940D232008531BC /* Main.storyboard */; };
		8609A31B2940D233008531BC /* Assets.xcassets in Resources */ = {isa = PBXBuildFile; fileRef = 8609A31A2940D233008531BC /* Assets.xcassets */; };
		8609A31E2940D233008531BC /* LaunchScreen.storyboard in Resources */ = {isa = PBXBuildFile; fileRef = 8609A31C2940D233008531BC /* LaunchScreen.storyboard */; };
		8609A32A2940D253008531BC /* TSAudioConverter.m in Sources */ = {isa = PBXBuildFile; fileRef = 8609A3262940D252008531BC /* TSAudioConverter.m */; };
		8609A32B2940D253008531BC /* TPCircularBuffer.c in Sources */ = {isa = PBXBuildFile; fileRef = 8609A3272940D252008531BC /* TPCircularBuffer.c */; };
		8609A32E2940D32A008531BC /* TSAudioHandler.m in Sources */ = {isa = PBXBuildFile; fileRef = 8609A32C2940D32A008531BC /* TSAudioHandler.m */; };
/* End PBXBuildFile section */

/* Begin PBXFileReference section */
		8609A30E2940D232008531BC /* AudioConverterDemo.app */ = {isa = PBXFileReference; explicitFileType = wrapper.application; includeInIndex = 0; path = AudioConverterDemo.app; sourceTree = BUILT_PRODUCTS_DIR; };
		8609A3112940D232008531BC /* AppDelegate.swift */ = {isa = PBXFileReference; lastKnownFileType = sourcecode.swift; path = AppDelegate.swift; sourceTree = "<group>"; };
		8609A3132940D232008531BC /* SceneDelegate.swift */ = {isa = PBXFileReference; lastKnownFileType = sourcecode.swift; path = SceneDelegate.swift; sourceTree = "<group>"; };
		8609A3152940D232008531BC /* ViewController.swift */ = {isa = PBXFileReference; lastKnownFileType = sourcecode.swift; path = ViewController.swift; sourceTree = "<group>"; };
		8609A3182940D232008531BC /* Base */ = {isa = PBXFileReference; lastKnownFileType = file.storyboard; name = Base; path = Base.lproj/Main.storyboard; sourceTree = "<group>"; };
		8609A31A2940D233008531BC /* Assets.xcassets */ = {isa = PBXFileReference; lastKnownFileType = folder.assetcatalog; path = Assets.xcassets; sourceTree = "<group>"; };
		8609A31D2940D233008531BC /* Base */ = {isa = PBXFileReference; lastKnownFileType = file.storyboard; name = Base; path = Base.lproj/LaunchScreen.storyboard; sourceTree = "<group>"; };
		8609A31F2940D233008531BC /* Info.plist */ = {isa = PBXFileReference; lastKnownFileType = text.plist.xml; path = Info.plist; sourceTree = "<group>"; };
		8609A3252940D252008531BC /* AudioConverterDemo-Bridging-Header.h */ = {isa = PBXFileReference; lastKnownFileType = sourcecode.c.h; path = "AudioConverterDemo-Bridging-Header.h"; sourceTree = "<group>"; };
		8609A3262940D252008531BC /* TSAudioConverter.m */ = {isa = PBXFileReference; fileEncoding = 4; lastKnownFileType = sourcecode.c.objc; path = TSAudioConverter.m; sourceTree = "<group>"; };
		8609A3272940D252008531BC /* TPCircularBuffer.c */ = {isa = PBXFileReference; fileEncoding = 4; lastKnownFileType = sourcecode.c.c; path = TPCircularBuffer.c; sourceTree = "<group>"; };
		8609A3282940D253008531BC /* TPCircularBuffer.h */ = {isa = PBXFileReference; fileEncoding = 4; lastKnownFileType = sourcecode.c.h; path = TPCircularBuffer.h; sourceTree = "<group>"; };
		8609A3292940D253008531BC /* TSAudioConverter.h */ = {isa = PBXFileReference; fileEncoding = 4; lastKnownFileType = sourcecode.c.h; path = TSAudioConverter.h; sourceTree = "<group>"; };
		8609A32C2940D32A008531BC /* TSAudioHandler.m */ = {isa = PBXFileReference; fileEncoding = 4; lastKnownFileType = sourcecode.c.objc; path = TSAudioHandler.m; sourceTree = "<group>"; };
		8609A32D2940D32A008531BC /* TSAudioHandler.h */ = {isa = PBXFileReference; fileEncoding = 4; lastKnownFileType = sourcecode.c.h; path = TSAudioHandler.h; sourceTree = "<group>"; };
/* End PBXFileReference section */

/* Begin PBXFrameworksBuildPhase section */
		8609A30B2940D232008531BC /* Frameworks */ = {
			isa = PBXFrameworksBuildPhase;
			buildActionMask = 2147483647;
			files = (
			);
			runOnlyForDeploymentPostprocessing = 0;
		};
/* End PBXFrameworksBuildPhase section */

/* Begin PBXGroup section */
		8609A3052940D232008531BC = {
			isa = PBXGroup;
			children = (
				8609A3102940D232008531BC /* AudioConverterDemo */,
				8609A30F2940D232008531BC /* Products */,
			);
			sourceTree = "<group>";
		};
		8609A30F2940D232008531BC /* Products */ = {
			isa = PBXGroup;
			children = (
				8609A30E2940D232008531BC /* AudioConverterDemo.app */,
			);
			name = Products;
			sourceTree = "<group>";
		};
		8609A3102940D232008531BC /* AudioConverterDemo */ = {
			isa = PBXGroup;
			children = (
				8609A3112940D232008531BC /* AppDelegate.swift */,
				8609A3132940D232008531BC /* SceneDelegate.swift */,
				8609A3152940D232008531BC /* ViewController.swift */,
				8609A3272940D252008531BC /* TPCircularBuffer.c */,
				8609A3282940D253008531BC /* TPCircularBuffer.h */,
				8609A3292940D253008531BC /* TSAudioConverter.h */,
				8609A3262940D252008531BC /* TSAudioConverter.m */,
				8609A32D2940D32A008531BC /* TSAudioHandler.h */,
				8609A32C2940D32A008531BC /* TSAudioHandler.m */,
				8609A3172940D232008531BC /* Main.storyboard */,
				8609A31A2940D233008531BC /* Assets.xcassets */,
				8609A31C2940D233008531BC /* LaunchScreen.storyboard */,
				8609A31F2940D233008531BC /* Info.plist */,
				8609A3252940D252008531BC /* AudioConverterDemo-Bridging-Header.h */,
			);
			path = AudioConverterDemo;
			sourceTree = "<group>";
		};
/* End PBXGroup section */

/* Begin PBXNativeTarget section */
		8609A30D2940D232008531BC /* AudioConverterDemo */ = {
			isa = PBXNativeTarget;
			buildConfigurationList = 8609A3222940D233008531BC /* Build configuration list for PBXNativeTarget "AudioConverterDemo" */;
			buildPhases = (
				8609A30A2940D232008531BC /* Sources */,
				8609A30B2940D232008531BC /* Frameworks */,
				8609A30C2940D232008531BC /* Resources */,
			);
			buildRules = (
			);
			dependencies = (
			);
			name = AudioConverterDemo;
			productName = AudioConverterDemo;
			productReference = 8609A30E2940D232008531BC /* AudioConverterDemo.app */;
			productType = "com.apple.product-type.application";
		};
/* End PBXNativeTarget section */

/* Begin PBXProject section */
		8609A3062940D232008531BC /* Project object */ = {
			isa = PBXProject;
			attributes = {
				BuildIndependentTargetsInParallel = 1;
				LastSwiftUpdateCheck = 1410;
				LastUpgradeCheck = 1410;
				TargetAttributes = {
					8609A30D2940D232008531BC = {
						CreatedOnToolsVersion = 14.1;
						LastSwiftMigration = 1410;
					};
				};
			};
			buildConfigurationList = 8609A3092940D232008531BC /* Build configuration list for PBXProject "AudioConverterDemo" */;
			compatibilityVersion = "Xcode 14.0";
			developmentRegion = en;
			hasScannedForEncodings = 0;
			knownRegions = (
				en,
				Base,
			);
			mainGroup = 8609A3052940D232008531BC;
			productRefGroup = 8609A30F2940D232008531BC /* Products */;
			projectDirPath = "";
			projectRoot = "";
			targets = (
				8609A30D2940D232008531BC /* AudioConverterDemo */,
			);
		};
/* End PBXProject section */

/* Begin PBXResourcesBuildPhase section */
		8609A30C2940D232008531BC /* Resources */ = {
			isa = PBXResourcesBuildPhase;
			buildActionMask = 2147483647;
			files = (
				8609A31E2940D233008531BC /* LaunchScreen.storyboard in Resources */,
				8609A31B2940D233008531BC /* Assets.xcassets in Resources */,
				8609A3192940D232008531BC /* Main.storyboard in Resources */,
			);
			runOnlyForDeploymentPostprocessing = 0;
		};
/* End PBXResourcesBuildPhase section */

/* Begin PBXSourcesBuildPhase section */
		8609A30A2940D232008531BC /* Sources */ = {
			isa = PBXSourcesBuildPhase;
			buildActionMask = 2147483647;
			files = (
				8609A3162940D232008531BC /* ViewController.swift in Sources */,
				8609A3122940D232008531BC /* AppDelegate.swift in Sources */,
				8609A32E2940D32A008531BC /* TSAudioHandler.m in Sources */,
				8609A32A2940D253008531BC /* TSAudioConverter.m in Sources */,
				8609A32B2940D253008531BC /* TPCircularBuffer.c in Sources */,
				8609A3142940D232008531BC /* SceneDelegate.swift in Sources */,
			);
			runOnlyForDeploymentPostprocessing = 0;
		};
/* End PBXSourcesBuildPhase section */

/* Begin PBXVariantGroup section */
		8609A3172940D232008531BC /* Main.storyboard */ = {
			isa = PBXVariantGroup;
			children = (
				8609A3182940D232008531BC /* Base */,
			);
			name = Main.storyboard;
			sourceTree = "<group>";
		};
		8609A31C2940D233008531BC /* LaunchScreen.storyboard */ = {
			isa = PBXVariantGroup;
			children = (
				8609A31D2940D233008531BC /* Base */,
			);
			name = LaunchScreen.storyboard;
			sourceTree = "<group>";
		};
/* End PBXVariantGroup section */

/* Begin XCBuildConfiguration section */
		8609A3202940D233008531BC /* Debug */ = {
			isa = XCBuildConfiguration;
			buildSettings = {
				ALWAYS_SEARCH_USER_PATHS = NO;
				CLANG_ANALYZER_NONNULL = YES;
				CLANG_ANALYZER_NUMBER_OBJECT_CONVERSION = YES_AGGRESSIVE;
				CLANG_CXX_LANGUAGE_STANDARD = "gnu++20";
				CLANG_ENABLE_MODULES = YES;
				CLANG_ENABLE_OBJC_ARC = YES;
				CLANG_ENABLE_OBJC_WEAK = YES;
				CLANG_WARN_BLOCK_CAPTURE_AUTORELEASING = YES;
				CLANG_WARN_BOOL_CONVERSION = YES;
				CLANG_WARN_COMMA = YES;
				CLANG_WARN_CONSTANT_CONVERSION = YES;
				CLANG_WARN_DEPRECATED_OBJC_IMPLEMENTATIONS = YES;
				CLANG_WARN_DIRECT_OBJC_ISA_USAGE = YES_ERROR;
				CLANG_WARN_DOCUMENTATION_COMMENTS = YES;
				CLANG_WARN_EMPTY_BODY = YES;
				CLANG_WARN_ENUM_CONVERSION = YES;
				CLANG_WARN_INFINITE_RECURSION = YES;
				CLANG_WARN_INT_CONVERSION = YES;
				CLANG_WARN_NON_LITERAL_NULL_CONVERSION = YES;
				CLANG_WARN_OBJC_IMPLICIT_RETAIN_SELF = YES;
				CLANG_WARN_OBJC_LITERAL_CONVERSION = YES;
				CLANG_WARN_OBJC_ROOT_CLASS = YES_ERROR;
				CLANG_WARN_QUOTED_INCLUDE_IN_FRAMEWORK_HEADER = YES;
				CLANG_WARN_RANGE_LOOP_ANALYSIS = YES;
				CLANG_WARN_STRICT_PROTOTYPES = YES;
				CLANG_WARN_SUSPICIOUS_MOVE = YES;
				CLANG_WARN_UNGUARDED_AVAILABILITY = YES_AGGRESSIVE;
				CLANG_WARN_UNREACHABLE_CODE = YES;
				CLANG_WARN__DUPLICATE_METHOD_MATCH = YES;
				COPY_PHASE_STRIP = NO;
				DEBUG_INFORMATION_FORMAT = dwarf;
				ENABLE_STRICT_OBJC_MSGSEND = YES;
				ENABLE_TESTABILITY = YES;
				GCC_C_LANGUAGE_STANDARD = gnu11;
				GCC_DYNAMIC_NO_PIC = NO;
				GCC_NO_COMMON_BLOCKS = YES;
				GCC_OPTIMIZATION_LEVEL = 0;
				GCC_PREPROCESSOR_DEFINITIONS = (
					"DEBUG=1",
					"$(inherited)",
				);
				GCC_WARN_64_TO_32_BIT_CONVERSION = YES;
				GCC_WARN_ABOUT_RETURN_TYPE = YES_ERROR;
				GCC_WARN_UNDECLARED_SELECTOR = YES;
				GCC_WARN_UNINITIALIZED_AUTOS = YES_AGGRESSIVE;
				GCC_WARN_UNUSED_FUNCTION = YES;
				GCC_WARN_UNUSED_VARIABLE = YES;
				IPHONEOS_DEPLOYMENT_TARGET = 16.1;
				MTL_ENABLE_DEBUG_INFO = INCLUDE_SOURCE;
				MTL_FAST_MATH = YES;
				ONLY_ACTIVE_ARCH = YES;
				SDKROOT = iphoneos;
				SWIFT_ACTIVE_COMPILATION_CONDITIONS = DEBUG;
				SWIFT_OPTIMIZATION_LEVEL = "-Onone";
			};
			name = Debug;
		};
		8609A3212940D233008531BC /* Release */ = {
			isa = XCBuildConfiguration;
			buildSettings = {
				ALWAYS_SEARCH_USER_PATHS = NO;
				CLANG_ANALYZER_NONNULL = YES;
				CLANG_ANALYZER_NUMBER_OBJECT_CONVERSION = YES_AGGRESSIVE;
				CLANG_CXX_LANGUAGE_STANDARD = "gnu++20";
				CLANG_ENABLE_MODULES = YES;
				CLANG_ENABLE_OBJC_ARC = YES;
				CLANG_ENABLE_OBJC_WEAK = YES;
				CLANG_WARN_BLOCK_CAPTURE_AUTORELEASING = YES;
				CLANG_WARN_BOOL_CONVERSION = YES;
				CLANG_WARN_COMMA = YES;
				CLANG_WARN_CONSTANT_CONVERSION = YES;
				CLANG_WARN_DEPRECATED_OBJC_IMPLEMENTATIONS = YES;
				CLANG_WARN_DIRECT_OBJC_ISA_USAGE = YES_ERROR;
				CLANG_WARN_DOCUMENTATION_COMMENTS = YES;
				CLANG_WARN_EMPTY_BODY = YES;
				CLANG_WARN_ENUM_CONVERSION = YES;
				CLANG_WARN_INFINITE_RECURSION = YES;
				CLANG_WARN_INT_CONVERSION = YES;
				CLANG_WARN_NON_LITERAL_NULL_CONVERSION = YES;
				CLANG_WARN_OBJC_IMPLICIT_RETAIN_SELF = YES;
				CLANG_WARN_OBJC_LITERAL_CONVERSION = YES;
				CLANG_WARN_OBJC_ROOT_CLASS = YES_ERROR;
				CLANG_WARN_QUOTED_INCLUDE_IN_FRAMEWORK_HEADER = YES;
				CLANG_WARN_RANGE_LOOP_ANALYSIS = YES;
				CLANG_WARN_STRICT_PROTOTYPES = YES;
				CLANG_WARN_SUSPICIOUS_MOVE = YES;
				CLANG_WARN_UNGUARDED_AVAILABILITY = YES_AGGRESSIVE;
				CLANG_WARN_UNREACHABLE_CODE = YES;
				CLANG_WARN__DUPLICATE_METHOD_MATCH = YES;
				COPY_PHASE_STRIP = NO;
				DEBUG_INFORMATION_FORMAT = "dwarf-with-dsym";
				ENABLE_NS_ASSERTIONS = NO;
				ENABLE_STRICT_OBJC_MSGSEND = YES;
				GCC_C_LANGUAGE_STANDARD = gnu11;
				GCC_NO_COMMON_BLOCKS = YES;
				GCC_WARN_64_TO_32_BIT_CONVERSION = YES;
				GCC_WARN_ABOUT_RETURN_TYPE = YES_ERROR;
				GCC_WARN_UNDECLARED_SELECTOR = YES;
				GCC_WARN_UNINITIALIZED_AUTOS = YES_AGGRESSIVE;
				GCC_WARN_UNUSED_FUNCTION = YES;
				GCC_WARN_UNUSED_VARIABLE = YES;
				IPHONEOS_DEPLOYMENT_TARGET = 16.1;
				MTL_ENABLE_DEBUG_INFO = NO;
				MTL_FAST_MATH = YES;
				SDKROOT = iphoneos;
				SWIFT_COMPILATION_MODE = wholemodule;
				SWIFT_OPTIMIZATION_LEVEL = "-O";
				VALIDATE_PRODUCT = YES;
			};
			name = Release;
		};
		8609A3232940D233008531BC /* Debug */ = {
			isa = XCBuildConfiguration;
			buildSettings = {
				ASSETCATALOG_COMPILER_APPICON_NAME = AppIcon;
				ASSETCATALOG_COMPILER_GLOBAL_ACCENT_COLOR_NAME = AccentColor;
				CLANG_ENABLE_MODULES = YES;
				CODE_SIGN_STYLE = Automatic;
				CURRENT_PROJECT_VERSION = 1;
				DEVELOPMENT_TEAM = C6T93NC4DJ;
				GENERATE_INFOPLIST_FILE = YES;
				INFOPLIST_FILE = AudioConverterDemo/Info.plist;
				INFOPLIST_KEY_NSMicrophoneUsageDescription = "audo  recorder";
				INFOPLIST_KEY_UIApplicationSupportsIndirectInputEvents = YES;
				INFOPLIST_KEY_UILaunchStoryboardName = LaunchScreen;
				INFOPLIST_KEY_UIMainStoryboardFile = Main;
				INFOPLIST_KEY_UISupportedInterfaceOrientations_iPad = "UIInterfaceOrientationPortrait UIInterfaceOrientationPortraitUpsideDown UIInterfaceOrientationLandscapeLeft UIInterfaceOrientationLandscapeRight";
				INFOPLIST_KEY_UISupportedInterfaceOrientations_iPhone = "UIInterfaceOrientationPortrait UIInterfaceOrientationLandscapeLeft UIInterfaceOrientationLandscapeRight";
				IPHONEOS_DEPLOYMENT_TARGET = 13.0;
				LD_RUNPATH_SEARCH_PATHS = (
					"$(inherited)",
					"@executable_path/Frameworks",
				);
				MARKETING_VERSION = 1.0;
				PRODUCT_BUNDLE_IDENTIFIER = com.yxibng.AudioConverterDemo;
				PRODUCT_NAME = "$(TARGET_NAME)";
				SWIFT_EMIT_LOC_STRINGS = YES;
				SWIFT_OBJC_BRIDGING_HEADER = "AudioConverterDemo/AudioConverterDemo-Bridging-Header.h";
				SWIFT_OPTIMIZATION_LEVEL = "-Onone";
				SWIFT_VERSION = 5.0;
				TARGETED_DEVICE_FAMILY = "1,2";
			};
			name = Debug;
		};
		8609A3242940D233008531BC /* Release */ = {
			isa = XCBuildConfiguration;
			buildSettings = {
				ASSETCATALOG_COMPILER_APPICON_NAME = AppIcon;
				ASSETCATALOG_COMPILER_GLOBAL_ACCENT_COLOR_NAME = AccentColor;
				CLANG_ENABLE_MODULES = YES;
				CODE_SIGN_STYLE = Automatic;
				CURRENT_PROJECT_VERSION = 1;
				DEVELOPMENT_TEAM = C6T93NC4DJ;
				GENERATE_INFOPLIST_FILE = YES;
				INFOPLIST_FILE = AudioConverterDemo/Info.plist;
				INFOPLIST_KEY_NSMicrophoneUsageDescription = "audo  recorder";
				INFOPLIST_KEY_UIApplicationSupportsIndirectInputEvents = YES;
				INFOPLIST_KEY_UILaunchStoryboardName = LaunchScreen;
				INFOPLIST_KEY_UIMainStoryboardFile = Main;
				INFOPLIST_KEY_UISupportedInterfaceOrientations_iPad = "UIInterfaceOrientationPortrait UIInterfaceOrientationPortraitUpsideDown UIInterfaceOrientationLandscapeLeft UIInterfaceOrientationLandscapeRight";
				INFOPLIST_KEY_UISupportedInterfaceOrientations_iPhone = "UIInterfaceOrientationPortrait UIInterfaceOrientationLandscapeLeft UIInterfaceOrientationLandscapeRight";
				IPHONEOS_DEPLOYMENT_TARGET = 13.0;
				LD_RUNPATH_SEARCH_PATHS = (
					"$(inherited)",
					"@executable_path/Frameworks",
				);
				MARKETING_VERSION = 1.0;
				PRODUCT_BUNDLE_IDENTIFIER = com.yxibng.AudioConverterDemo;
				PRODUCT_NAME = "$(TARGET_NAME)";
				SWIFT_EMIT_LOC_STRINGS = YES;
				SWIFT_OBJC_BRIDGING_HEADER = "AudioConverterDemo/AudioConverterDemo-Bridging-Header.h";
				SWIFT_VERSION = 5.0;
				TARGETED_DEVICE_FAMILY = "1,2";
			};
			name = Release;
		};
/* End XCBuildConfiguration section */

/* Begin XCConfigurationList section */
		8609A3092940D232008531BC /* Build configuration list for PBXProject "AudioConverterDemo" */ = {
			isa = XCConfigurationList;
			buildConfigurations = (
				8609A3202940D233008531BC /* Debug */,
				8609A3212940D233008531BC /* Release */,
			);
			defaultConfigurationIsVisible = 0;
			defaultConfigurationName = Release;
		};
		8609A3222940D233008531BC /* Build configuration list for PBXNativeTarget "AudioConverterDemo" */ = {
			isa = XCConfigurationList;
			buildConfigurations = (
				8609A3232940D233008531BC /* Debug */,
				8609A3242940D233008531BC /* Release */,
			);
			defaultConfigurationIsVisible = 0;
			defaultConfigurationName = Release;
		};
/* End XCConfigurationList section */
	};
	rootObject = 8609A3062940D232008531BC /* Project object */;
}
